{
  "name": "@generaltranslation/codex",
  "version": "0.0.2",
  "lockfileVersion": 3,
  "requires": true,
  "packages": {
    "": {
      "name": "@generaltranslation/codex",
      "version": "0.0.2",
      "license": "ISC",
      "dependencies": {
        "@openai/codex": "^0.20.0"
      },
      "engines": {
        "node": ">=22"
      }
    },
    "node_modules/@openai/codex": {
      "version": "0.20.0",
      "resolved": "https://registry.npmjs.org/@openai/codex/-/codex-0.20.0.tgz",
      "integrity": "sha512-aFxTCOqsZxyk5IbDQulsuxo71qJnnorFD2oYJ9y/5Dq1NudKz0/AOwn/CagS9ABSPH+0kBIYdlv3+8kIzWo9HA==",
      "license": "Apache-2.0",
      "bin": {
        "codex": "bin/codex.js"
      },
      "engines": {
        "node": ">=20"
      }
    }
  }
}
